
Microsoft Visual Studio Solution File, Format Version 12.00
# Visual Studio Version 17
VisualStudioVersion = 17.2.32526.322
MinimumVisualStudioVersion = 10.0.40219.1
Project("{FAE04EC0-301F-11D3-BF4B-00C04F79EFBC}") = "Movie Database", "Movie Database\Movie Database.csproj", "{8A69CA47-0301-4FA8-9DF3-77093A405C3D}"
EndProject
Global
	GlobalSection(SolutionConfigurationPlatforms) = preSolution
		Debug|Any CPU = Debug|Any CPU
		Release|Any CPU = Release|Any CPU
	EndGlobalSection
	GlobalSection(ProjectConfigurationPlatforms) = postSolution
		{8A69CA47-0301-4FA8-9DF3-77093A405C3D}.Debug|Any CPU.ActiveCfg = Debug|Any CPU
		{8A69CA47-0301-4FA8-9DF3-77093A405C3D}.Debug|Any CPU.Build.0 = Debug|Any CPU
		{8A69CA47-0301-4FA8-9DF3-77093A405C3D}.Release|Any CPU.ActiveCfg = Release|Any CPU
		{8A69CA47-0301-4FA8-9DF3-77093A405C3D}.Release|Any CPU.Build.0 = Release|Any CPU
	EndGlobalSection
	GlobalSection(SolutionProperties) = preSolution
		HideSolutionNode = FALSE
	EndGlobalSection
	GlobalSection(ExtensibilityGlobals) = postSolution
		SolutionGuid = {F024E5AD-49B3-478D-B8A8-0E0D7EAD0F93}
	EndGlobalSection
EndGlobal
